
Microsoft Visual Studio Solution File, Format Version 12.00
# Visual Studio Version 16
VisualStudioVersion = 16.0.31321.278
MinimumVisualStudioVersion = 10.0.40219.1
Project("{FAE04EC0-301F-11D3-BF4B-00C04F79EFBC}") = "teohook injector", "teohook injector.csproj", "{69E45C04-C91B-40B8-AA09-8CD6872E7BC4}"
EndProject
Global
	GlobalSection(SolutionConfigurationPlatforms) = preSolution
		Debug|Any CPU = Debug|Any CPU
		Release|Any CPU = Release|Any CPU
	EndGlobalSection
	GlobalSection(ProjectConfigurationPlatforms) = postSolution
		{69E45C04-C91B-40B8-AA09-8CD6872E7BC4}.Debug|Any CPU.ActiveCfg = Debug|Any CPU
		{69E45C04-C91B-40B8-AA09-8CD6872E7BC4}.Debug|Any CPU.Build.0 = Debug|Any CPU
		{69E45C04-C91B-40B8-AA09-8CD6872E7BC4}.Release|Any CPU.ActiveCfg = Release|Any CPU
		{69E45C04-C91B-40B8-AA09-8CD6872E7BC4}.Release|Any CPU.Build.0 = Release|Any CPU
	EndGlobalSection
	GlobalSection(SolutionProperties) = preSolution
		HideSolutionNode = FALSE
	EndGlobalSection
	GlobalSection(ExtensibilityGlobals) = postSolution
		SolutionGuid = {7A3FAA47-000B-448E-9AF8-1CE158AB1FCC}
	EndGlobalSection
EndGlobal
